{
  "originHash" : "a35b9f9650222149a7ddac1030cef7c29c4ee635269406ec94a7cd0dbb669f00",
  "pins" : [
    {
      "identity" : "lrucache",
      "kind" : "remoteSourceControl",
      "location" : "https://github.com/nicklockwood/LRUCache.git",
      "state" : {
        "revision" : "0d91406ecd4d6c1c56275866f00508d9aeacc92a",
        "version" : "1.2.0"
      }
    },
    {
      "identity" : "swift-atomics",
      "kind" : "remoteSourceControl",
      "location" : "https://github.com/apple/swift-atomics.git",
      "state" : {
        "revision" : "b601256eab081c0f92f059e12818ac1d4f178ff7",
        "version" : "1.3.0"
      }
    },
    {
      "identity" : "swift-gzip",
      "kind" : "remoteSourceControl",
      "location" : "https://github.com/mihai8804858/swift-gzip",
      "state" : {
        "revision" : "a01e2bc547eabea00d42666df39d40b022de4983",
        "version" : "1.2.0"
      }
    },
    {
      "identity" : "swiftsoup",
      "kind" : "remoteSourceControl",
      "location" : "https://github.com/scinfu/SwiftSoup",
      "state" : {
        "revision" : "4206bc7b8bd9a4ff8e9511211e1b4bff979ef9c4",
        "version" : "2.11.1"
      }
    },
    {
      "identity" : "taglistview",
      "kind" : "remoteSourceControl",
      "location" : "https://github.com/ElaWorkshop/TagListView",
      "state" : {
        "revision" : "b30b61826736f4d9ec04aef5df891f3914423f16",
        "version" : "1.4.1"
      }
    }
  ],
  "version" : 3
}
