// !$*UTF8*$!
{
	archiveVersion = 1;
	classes = {
	};
	objectVersion = 48;
	objects = {

/* Begin PBXBuildFile section */
		621B1D9D20D665B800F4F3BD /* Configuration.swift in Sources */ = {isa = PBXBuildFile; fileRef = 621B1D9C20D665B800F4F3BD /* Configuration.swift */; };
		621B1DB020D6998200F4F3BD /* Data+Gzip.swift in Sources */ = {isa = PBXBuildFile; fileRef = 621B1DAF20D6998200F4F3BD /* Data+Gzip.swift */; };
		6224A5E32041F30200450812 /* ViewSerieListe.swift in Sources */ = {isa = PBXBuildFile; fileRef = 6224A5E22041F30200450812 /* ViewSerieListe.swift */; };
		6224A5E52042207800450812 /* Constantes.swift in Sources */ = {isa = PBXBuildFile; fileRef = 6224A5E42042207800450812 /* Constantes.swift */; };
		6224A5E72043141800450812 /* GraphMiniSerie.swift in Sources */ = {isa = PBXBuildFile; fileRef = 6224A5E62043141800450812 /* GraphMiniSerie.swift */; };
		624D27491FFBD4E100B49702 /* ViewAccueil.swift in Sources */ = {isa = PBXBuildFile; fileRef = 624D27481FFBD4E100B49702 /* ViewAccueil.swift */; };
		624EC9A520B1A87E005ED207 /* Chart-icon.png in Resources */ = {isa = PBXBuildFile; fileRef = 624EC9A420B1A87E005ED207 /* Chart-icon.png */; };
		624EC9A720B2DF20005ED207 /* data.tsv in Resources */ = {isa = PBXBuildFile; fileRef = 624EC9A620B2DF20005ED207 /* data.tsv */; };
		6255DBDA2083780900CA9BA3 /* Helpers.swift in Sources */ = {isa = PBXBuildFile; fileRef = 6255DBD92083780900CA9BA3 /* Helpers.swift */; };
		625799B7219734480010144D /* ViewPropals.swift in Sources */ = {isa = PBXBuildFile; fileRef = 625799B6219734480010144D /* ViewPropals.swift */; };
		626D4727204C624500B1A64D /* Notes.swift in Sources */ = {isa = PBXBuildFile; fileRef = 626D4726204C624500B1A64D /* Notes.swift */; };
		626D4729204C6DE900B1A64D /* IMdb.swift in Sources */ = {isa = PBXBuildFile; fileRef = 626D4728204C6DE900B1A64D /* IMdb.swift */; };
		6279645A2095D5BB00ED5578 /* Flag_of_Japan.png in Resources */ = {isa = PBXBuildFile; fileRef = 627964582095D5BB00ED5578 /* Flag_of_Japan.png */; };
		6279645B2095D5BB00ED5578 /* Flag_of_Australia.png in Resources */ = {isa = PBXBuildFile; fileRef = 627964592095D5BB00ED5578 /* Flag_of_Australia.png */; };
		6279645F2099D32400ED5578 /* Database.swift in Sources */ = {isa = PBXBuildFile; fileRef = 6279645E2099D32400ED5578 /* Database.swift */; };
		62796465209A15A800ED5578 /* Logo.png in Resources */ = {isa = PBXBuildFile; fileRef = 62796464209A15A800ED5578 /* Logo.png */; };
		627A0E2820139E8300FE1777 /* GraphSaison.swift in Sources */ = {isa = PBXBuildFile; fileRef = 627A0E2720139E8300FE1777 /* GraphSaison.swift */; };
		627A0E2A20139E9900FE1777 /* GraphEpisode.swift in Sources */ = {isa = PBXBuildFile; fileRef = 627A0E2920139E9900FE1777 /* GraphEpisode.swift */; };
		62A581E71FBC5BCB002D8FD3 /* imdb.ico in Resources */ = {isa = PBXBuildFile; fileRef = 62A581E51FBC5BCB002D8FD3 /* imdb.ico */; };
		62A581E81FBC5BCB002D8FD3 /* rottentomatoes.ico in Resources */ = {isa = PBXBuildFile; fileRef = 62A581E61FBC5BCB002D8FD3 /* rottentomatoes.ico */; };
		62AC50A0200E58A200A8C841 /* SaisonFiche.swift in Sources */ = {isa = PBXBuildFile; fileRef = 62AC509F200E58A200A8C841 /* SaisonFiche.swift */; };
		62B087AE207A7938007703FF /* Magnifi-icon.png in Resources */ = {isa = PBXBuildFile; fileRef = 62B087AC207A7937007703FF /* Magnifi-icon.png */; };
		62B087AF207A7938007703FF /* Idea-icon.png in Resources */ = {isa = PBXBuildFile; fileRef = 62B087AD207A7937007703FF /* Idea-icon.png */; };
		62B087C0207BEBC6007703FF /* Flag_of_the_United_Kingdom.png in Resources */ = {isa = PBXBuildFile; fileRef = 62B087BB207BEBC5007703FF /* Flag_of_the_United_Kingdom.png */; };
		62B087C1207BEBC6007703FF /* Flag_of_the_United_States.png in Resources */ = {isa = PBXBuildFile; fileRef = 62B087BC207BEBC5007703FF /* Flag_of_the_United_States.png */; };
		62B087C2207BEBC6007703FF /* Flag_of_Germany.png in Resources */ = {isa = PBXBuildFile; fileRef = 62B087BD207BEBC5007703FF /* Flag_of_Germany.png */; };
		62B087C3207BEBC6007703FF /* Flag_of_Spain.png in Resources */ = {isa = PBXBuildFile; fileRef = 62B087BE207BEBC5007703FF /* Flag_of_Spain.png */; };
		62B087C4207BEBC6007703FF /* Flag_of_France.png in Resources */ = {isa = PBXBuildFile; fileRef = 62B087BF207BEBC5007703FF /* Flag_of_France.png */; };
		62B087C6207BED6F007703FF /* Flag_of_Canada.png in Resources */ = {isa = PBXBuildFile; fileRef = 62B087C5207BED6F007703FF /* Flag_of_Canada.png */; };
		62B087CA207BEE3A007703FF /* Flag_of_Norway.png in Resources */ = {isa = PBXBuildFile; fileRef = 62B087C7207BEE39007703FF /* Flag_of_Norway.png */; };
		62B087CB207BEE3A007703FF /* Flag_of_the_Czech_Republic.png in Resources */ = {isa = PBXBuildFile; fileRef = 62B087C8207BEE39007703FF /* Flag_of_the_Czech_Republic.png */; };
		62B087CC207BEE3A007703FF /* Flag_of_Sweden.png in Resources */ = {isa = PBXBuildFile; fileRef = 62B087C9207BEE3A007703FF /* Flag_of_Sweden.png */; };
		62B4716C20A88D3E0067BD34 /* ViewSearch.swift in Sources */ = {isa = PBXBuildFile; fileRef = 62B4716B20A88D3E0067BD34 /* ViewSearch.swift */; };
		62B4D8B8208CB7C0002110E8 /* Flag_of_Brazil.png in Resources */ = {isa = PBXBuildFile; fileRef = 62B4D8B7208CB7BF002110E8 /* Flag_of_Brazil.png */; };
		62CD57C32038B87D00DE28A1 /* GraphMiniSaison.swift in Sources */ = {isa = PBXBuildFile; fileRef = 62CD57C22038B87D00DE28A1 /* GraphMiniSaison.swift */; };
		62D0EBBB204C30BE009774B6 /* ViewSaisonListe.swift in Sources */ = {isa = PBXBuildFile; fileRef = 62D0EBBA204C30BE009774B6 /* ViewSaisonListe.swift */; };
		62D0EBBD204C374B009774B6 /* TheMoviedb.swift in Sources */ = {isa = PBXBuildFile; fileRef = 62D0EBBC204C374B009774B6 /* TheMoviedb.swift */; };
		62DD87701FB766C600A9B9EE /* AppDelegate.swift in Sources */ = {isa = PBXBuildFile; fileRef = 62DD876F1FB766C600A9B9EE /* AppDelegate.swift */; };
		62DD87751FB766C600A9B9EE /* Main.storyboard in Resources */ = {isa = PBXBuildFile; fileRef = 62DD87731FB766C600A9B9EE /* Main.storyboard */; };
		62DD87771FB766C600A9B9EE /* Assets.xcassets in Resources */ = {isa = PBXBuildFile; fileRef = 62DD87761FB766C600A9B9EE /* Assets.xcassets */; };
		62DD877A1FB766C600A9B9EE /* LaunchScreen.storyboard in Resources */ = {isa = PBXBuildFile; fileRef = 62DD87781FB766C600A9B9EE /* LaunchScreen.storyboard */; };
		62DD87A41FB76F5D00A9B9EE /* TheTVdb.swift in Sources */ = {isa = PBXBuildFile; fileRef = 62DD879F1FB76F5D00A9B9EE /* TheTVdb.swift */; };
		62DD87A81FB76F5D00A9B9EE /* Trakt.swift in Sources */ = {isa = PBXBuildFile; fileRef = 62DD87A31FB76F5D00A9B9EE /* Trakt.swift */; };
		62DD87AA1FB7838400A9B9EE /* SerieFiche.swift in Sources */ = {isa = PBXBuildFile; fileRef = 62DD87A91FB7838400A9B9EE /* SerieFiche.swift */; };
		62DD87AE1FB89E7D00A9B9EE /* Saison.swift in Sources */ = {isa = PBXBuildFile; fileRef = 62DD87AB1FB89E7D00A9B9EE /* Saison.swift */; };
		62DD87AF1FB89E7D00A9B9EE /* Episode.swift in Sources */ = {isa = PBXBuildFile; fileRef = 62DD87AC1FB89E7D00A9B9EE /* Episode.swift */; };
		62DD87B01FB89E7D00A9B9EE /* Serie.swift in Sources */ = {isa = PBXBuildFile; fileRef = 62DD87AD1FB89E7D00A9B9EE /* Serie.swift */; };
		62DD87B21FB8A2E000A9B9EE /* Graph.swift in Sources */ = {isa = PBXBuildFile; fileRef = 62DD87B11FB8A2E000A9B9EE /* Graph.swift */; };
		62DD87B61FB8BE4F00A9B9EE /* thetvdb.png in Resources */ = {isa = PBXBuildFile; fileRef = 62DD87B31FB8BE4F00A9B9EE /* thetvdb.png */; };
		62DD87B71FB8BE4F00A9B9EE /* trakt.ico in Resources */ = {isa = PBXBuildFile; fileRef = 62DD87B41FB8BE4F00A9B9EE /* trakt.ico */; };
		62DD87B81FB8BE4F00A9B9EE /* betaseries.png in Resources */ = {isa = PBXBuildFile; fileRef = 62DD87B51FB8BE4F00A9B9EE /* betaseries.png */; };
		62DD87BA1FB8C15600A9B9EE /* BetaSeries.swift in Sources */ = {isa = PBXBuildFile; fileRef = 62DD87B91FB8C15500A9B9EE /* BetaSeries.swift */; };
		62F8ECF42013775800A41EF7 /* EpisodeFiche.swift in Sources */ = {isa = PBXBuildFile; fileRef = 62F8ECF32013775800A41EF7 /* EpisodeFiche.swift */; };
		62FF97C02038C9A3007B658E /* themoviedb.ico in Resources */ = {isa = PBXBuildFile; fileRef = 62FF97BF2038C9A3007B658E /* themoviedb.ico */; };
		62FF97CE2039016B007B658E /* Stop-icon.png in Resources */ = {isa = PBXBuildFile; fileRef = 62FF97CA2039016A007B658E /* Stop-icon.png */; };
		62FF97CF2039016B007B658E /* Play-icon.png in Resources */ = {isa = PBXBuildFile; fileRef = 62FF97CB2039016B007B658E /* Play-icon.png */; };
		62FF97D02039016B007B658E /* Eye-icon.png in Resources */ = {isa = PBXBuildFile; fileRef = 62FF97CC2039016B007B658E /* Eye-icon.png */; };
		62FF97D12039016B007B658E /* Bio-Hazard-icon.png in Resources */ = {isa = PBXBuildFile; fileRef = 62FF97CD2039016B007B658E /* Bio-Hazard-icon.png */; };
		62FF97D320390305007B658E /* List-icon.png in Resources */ = {isa = PBXBuildFile; fileRef = 62FF97D220390305007B658E /* List-icon.png */; };
		62FF97D72039076D007B658E /* Calendar-icon.png in Resources */ = {isa = PBXBuildFile; fileRef = 62FF97D42039076C007B658E /* Calendar-icon.png */; };
		62FF97D82039076D007B658E /* TV-icon.png in Resources */ = {isa = PBXBuildFile; fileRef = 62FF97D52039076C007B658E /* TV-icon.png */; };
		62FF97D92039076D007B658E /* Air-icon.png in Resources */ = {isa = PBXBuildFile; fileRef = 62FF97D62039076D007B658E /* Air-icon.png */; };
		62FF97DB2039AAFC007B658E /* Trash-icon.png in Resources */ = {isa = PBXBuildFile; fileRef = 62FF97DA2039AAFC007B658E /* Trash-icon.png */; };
/* End PBXBuildFile section */

/* Begin PBXCopyFilesBuildPhase section */
		621B1DA520D6917F00F4F3BD /* Embed Frameworks */ = {
			isa = PBXCopyFilesBuildPhase;
			buildActionMask = 2147483647;
			dstPath = "";
			dstSubfolderSpec = 10;
			files = (
			);
			name = "Embed Frameworks";
			runOnlyForDeploymentPostprocessing = 0;
		};
/* End PBXCopyFilesBuildPhase section */

/* Begin PBXFileReference section */
		621B1D9C20D665B800F4F3BD /* Configuration.swift */ = {isa = PBXFileReference; lastKnownFileType = sourcecode.swift; path = Configuration.swift; sourceTree = "<group>"; };
		621B1DAF20D6998200F4F3BD /* Data+Gzip.swift */ = {isa = PBXFileReference; fileEncoding = 4; lastKnownFileType = sourcecode.swift; path = "Data+Gzip.swift"; sourceTree = "<group>"; };
		6224A5E22041F30200450812 /* ViewSerieListe.swift */ = {isa = PBXFileReference; lastKnownFileType = sourcecode.swift; path = ViewSerieListe.swift; sourceTree = "<group>"; };
		6224A5E42042207800450812 /* Constantes.swift */ = {isa = PBXFileReference; lastKnownFileType = sourcecode.swift; path = Constantes.swift; sourceTree = "<group>"; };
		6224A5E62043141800450812 /* GraphMiniSerie.swift */ = {isa = PBXFileReference; lastKnownFileType = sourcecode.swift; path = GraphMiniSerie.swift; sourceTree = "<group>"; };
		624D27481FFBD4E100B49702 /* ViewAccueil.swift */ = {isa = PBXFileReference; lastKnownFileType = sourcecode.swift; path = ViewAccueil.swift; sourceTree = "<group>"; };
		624EC9A420B1A87E005ED207 /* Chart-icon.png */ = {isa = PBXFileReference; lastKnownFileType = image.png; path = "Chart-icon.png"; sourceTree = "<group>"; };
		624EC9A620B2DF20005ED207 /* data.tsv */ = {isa = PBXFileReference; fileEncoding = 4; lastKnownFileType = text; path = data.tsv; sourceTree = "<group>"; };
		6255DBD92083780900CA9BA3 /* Helpers.swift */ = {isa = PBXFileReference; lastKnownFileType = sourcecode.swift; path = Helpers.swift; sourceTree = "<group>"; };
		625799B6219734480010144D /* ViewPropals.swift */ = {isa = PBXFileReference; lastKnownFileType = sourcecode.swift; path = ViewPropals.swift; sourceTree = "<group>"; };
		626D4726204C624500B1A64D /* Notes.swift */ = {isa = PBXFileReference; lastKnownFileType = sourcecode.swift; path = Notes.swift; sourceTree = "<group>"; };
		626D4728204C6DE900B1A64D /* IMdb.swift */ = {isa = PBXFileReference; lastKnownFileType = sourcecode.swift; path = IMdb.swift; sourceTree = "<group>"; };
		627964582095D5BB00ED5578 /* Flag_of_Japan.png */ = {isa = PBXFileReference; lastKnownFileType = image.png; path = Flag_of_Japan.png; sourceTree = "<group>"; };
		627964592095D5BB00ED5578 /* Flag_of_Australia.png */ = {isa = PBXFileReference; lastKnownFileType = image.png; path = Flag_of_Australia.png; sourceTree = "<group>"; };
		6279645E2099D32400ED5578 /* Database.swift */ = {isa = PBXFileReference; lastKnownFileType = sourcecode.swift; path = Database.swift; sourceTree = "<group>"; };
		62796464209A15A800ED5578 /* Logo.png */ = {isa = PBXFileReference; lastKnownFileType = image.png; path = Logo.png; sourceTree = "<group>"; };
		627A0E2720139E8300FE1777 /* GraphSaison.swift */ = {isa = PBXFileReference; lastKnownFileType = sourcecode.swift; path = GraphSaison.swift; sourceTree = "<group>"; };
		627A0E2920139E9900FE1777 /* GraphEpisode.swift */ = {isa = PBXFileReference; lastKnownFileType = sourcecode.swift; path = GraphEpisode.swift; sourceTree = "<group>"; };
		62A581E51FBC5BCB002D8FD3 /* imdb.ico */ = {isa = PBXFileReference; lastKnownFileType = image.ico; path = imdb.ico; sourceTree = "<group>"; };
		62A581E61FBC5BCB002D8FD3 /* rottentomatoes.ico */ = {isa = PBXFileReference; lastKnownFileType = image.ico; path = rottentomatoes.ico; sourceTree = "<group>"; };
		62AC509F200E58A200A8C841 /* SaisonFiche.swift */ = {isa = PBXFileReference; lastKnownFileType = sourcecode.swift; path = SaisonFiche.swift; sourceTree = "<group>"; };
		62B087AC207A7937007703FF /* Magnifi-icon.png */ = {isa = PBXFileReference; lastKnownFileType = image.png; path = "Magnifi-icon.png"; sourceTree = "<group>"; };
		62B087AD207A7937007703FF /* Idea-icon.png */ = {isa = PBXFileReference; lastKnownFileType = image.png; path = "Idea-icon.png"; sourceTree = "<group>"; };
		62B087BB207BEBC5007703FF /* Flag_of_the_United_Kingdom.png */ = {isa = PBXFileReference; lastKnownFileType = image.png; path = Flag_of_the_United_Kingdom.png; sourceTree = "<group>"; };
		62B087BC207BEBC5007703FF /* Flag_of_the_United_States.png */ = {isa = PBXFileReference; lastKnownFileType = image.png; path = Flag_of_the_United_States.png; sourceTree = "<group>"; };
		62B087BD207BEBC5007703FF /* Flag_of_Germany.png */ = {isa = PBXFileReference; lastKnownFileType = image.png; path = Flag_of_Germany.png; sourceTree = "<group>"; };
		62B087BE207BEBC5007703FF /* Flag_of_Spain.png */ = {isa = PBXFileReference; lastKnownFileType = image.png; path = Flag_of_Spain.png; sourceTree = "<group>"; };
		62B087BF207BEBC5007703FF /* Flag_of_France.png */ = {isa = PBXFileReference; lastKnownFileType = image.png; path = Flag_of_France.png; sourceTree = "<group>"; };
		62B087C5207BED6F007703FF /* Flag_of_Canada.png */ = {isa = PBXFileReference; lastKnownFileType = image.png; path = Flag_of_Canada.png; sourceTree = "<group>"; };
		62B087C7207BEE39007703FF /* Flag_of_Norway.png */ = {isa = PBXFileReference; lastKnownFileType = image.png; path = Flag_of_Norway.png; sourceTree = "<group>"; };
		62B087C8207BEE39007703FF /* Flag_of_the_Czech_Republic.png */ = {isa = PBXFileReference; lastKnownFileType = image.png; path = Flag_of_the_Czech_Republic.png; sourceTree = "<group>"; };
		62B087C9207BEE3A007703FF /* Flag_of_Sweden.png */ = {isa = PBXFileReference; lastKnownFileType = image.png; path = Flag_of_Sweden.png; sourceTree = "<group>"; };
		62B4716B20A88D3E0067BD34 /* ViewSearch.swift */ = {isa = PBXFileReference; lastKnownFileType = sourcecode.swift; path = ViewSearch.swift; sourceTree = "<group>"; };
		62B4D8B7208CB7BF002110E8 /* Flag_of_Brazil.png */ = {isa = PBXFileReference; lastKnownFileType = image.png; path = Flag_of_Brazil.png; sourceTree = "<group>"; };
		62CD57C22038B87D00DE28A1 /* GraphMiniSaison.swift */ = {isa = PBXFileReference; lastKnownFileType = sourcecode.swift; path = GraphMiniSaison.swift; sourceTree = "<group>"; };
		62D0EBBA204C30BE009774B6 /* ViewSaisonListe.swift */ = {isa = PBXFileReference; lastKnownFileType = sourcecode.swift; path = ViewSaisonListe.swift; sourceTree = "<group>"; };
		62D0EBBC204C374B009774B6 /* TheMoviedb.swift */ = {isa = PBXFileReference; lastKnownFileType = sourcecode.swift; path = TheMoviedb.swift; sourceTree = "<group>"; };
		62DD876C1FB766C600A9B9EE /* SerieA.app */ = {isa = PBXFileReference; explicitFileType = wrapper.application; includeInIndex = 0; path = SerieA.app; sourceTree = BUILT_PRODUCTS_DIR; };
		62DD876F1FB766C600A9B9EE /* AppDelegate.swift */ = {isa = PBXFileReference; lastKnownFileType = sourcecode.swift; path = AppDelegate.swift; sourceTree = "<group>"; };
		62DD87741FB766C600A9B9EE /* Base */ = {isa = PBXFileReference; lastKnownFileType = file.storyboard; name = Base; path = Base.lproj/Main.storyboard; sourceTree = "<group>"; };
		62DD87761FB766C600A9B9EE /* Assets.xcassets */ = {isa = PBXFileReference; lastKnownFileType = folder.assetcatalog; path = Assets.xcassets; sourceTree = "<group>"; };
		62DD87791FB766C600A9B9EE /* Base */ = {isa = PBXFileReference; lastKnownFileType = file.storyboard; name = Base; path = Base.lproj/LaunchScreen.storyboard; sourceTree = "<group>"; };
		62DD877B1FB766C600A9B9EE /* Info.plist */ = {isa = PBXFileReference; lastKnownFileType = text.plist.xml; path = Info.plist; sourceTree = "<group>"; };
		62DD879F1FB76F5D00A9B9EE /* TheTVdb.swift */ = {isa = PBXFileReference; fileEncoding = 4; lastKnownFileType = sourcecode.swift; path = TheTVdb.swift; sourceTree = "<group>"; };
		62DD87A31FB76F5D00A9B9EE /* Trakt.swift */ = {isa = PBXFileReference; fileEncoding = 4; lastKnownFileType = sourcecode.swift; path = Trakt.swift; sourceTree = "<group>"; };
		62DD87A91FB7838400A9B9EE /* SerieFiche.swift */ = {isa = PBXFileReference; lastKnownFileType = sourcecode.swift; path = SerieFiche.swift; sourceTree = "<group>"; };
		62DD87AB1FB89E7D00A9B9EE /* Saison.swift */ = {isa = PBXFileReference; fileEncoding = 4; lastKnownFileType = sourcecode.swift; path = Saison.swift; sourceTree = "<group>"; };
		62DD87AC1FB89E7D00A9B9EE /* Episode.swift */ = {isa = PBXFileReference; fileEncoding = 4; lastKnownFileType = sourcecode.swift; path = Episode.swift; sourceTree = "<group>"; };
		62DD87AD1FB89E7D00A9B9EE /* Serie.swift */ = {isa = PBXFileReference; fileEncoding = 4; lastKnownFileType = sourcecode.swift; path = Serie.swift; sourceTree = "<group>"; };
		62DD87B11FB8A2E000A9B9EE /* Graph.swift */ = {isa = PBXFileReference; fileEncoding = 4; lastKnownFileType = sourcecode.swift; path = Graph.swift; sourceTree = "<group>"; };
		62DD87B31FB8BE4F00A9B9EE /* thetvdb.png */ = {isa = PBXFileReference; lastKnownFileType = image.png; path = thetvdb.png; sourceTree = "<group>"; };
		62DD87B41FB8BE4F00A9B9EE /* trakt.ico */ = {isa = PBXFileReference; lastKnownFileType = image.ico; path = trakt.ico; sourceTree = "<group>"; };
		62DD87B51FB8BE4F00A9B9EE /* betaseries.png */ = {isa = PBXFileReference; lastKnownFileType = image.png; path = betaseries.png; sourceTree = "<group>"; };
		62DD87B91FB8C15500A9B9EE /* BetaSeries.swift */ = {isa = PBXFileReference; fileEncoding = 4; lastKnownFileType = sourcecode.swift; path = BetaSeries.swift; sourceTree = "<group>"; };
		62F8ECF32013775800A41EF7 /* EpisodeFiche.swift */ = {isa = PBXFileReference; lastKnownFileType = sourcecode.swift; path = EpisodeFiche.swift; sourceTree = "<group>"; };
		62FF97BF2038C9A3007B658E /* themoviedb.ico */ = {isa = PBXFileReference; lastKnownFileType = image.ico; path = themoviedb.ico; sourceTree = "<group>"; };
		62FF97CA2039016A007B658E /* Stop-icon.png */ = {isa = PBXFileReference; lastKnownFileType = image.png; path = "Stop-icon.png"; sourceTree = "<group>"; };
		62FF97CB2039016B007B658E /* Play-icon.png */ = {isa = PBXFileReference; lastKnownFileType = image.png; path = "Play-icon.png"; sourceTree = "<group>"; };
		62FF97CC2039016B007B658E /* Eye-icon.png */ = {isa = PBXFileReference; lastKnownFileType = image.png; path = "Eye-icon.png"; sourceTree = "<group>"; };
		62FF97CD2039016B007B658E /* Bio-Hazard-icon.png */ = {isa = PBXFileReference; lastKnownFileType = image.png; path = "Bio-Hazard-icon.png"; sourceTree = "<group>"; };
		62FF97D220390305007B658E /* List-icon.png */ = {isa = PBXFileReference; lastKnownFileType = image.png; path = "List-icon.png"; sourceTree = "<group>"; };
		62FF97D42039076C007B658E /* Calendar-icon.png */ = {isa = PBXFileReference; lastKnownFileType = image.png; path = "Calendar-icon.png"; sourceTree = "<group>"; };
		62FF97D52039076C007B658E /* TV-icon.png */ = {isa = PBXFileReference; lastKnownFileType = image.png; path = "TV-icon.png"; sourceTree = "<group>"; };
		62FF97D62039076D007B658E /* Air-icon.png */ = {isa = PBXFileReference; lastKnownFileType = image.png; path = "Air-icon.png"; sourceTree = "<group>"; };
		62FF97DA2039AAFC007B658E /* Trash-icon.png */ = {isa = PBXFileReference; lastKnownFileType = image.png; path = "Trash-icon.png"; sourceTree = "<group>"; };
/* End PBXFileReference section */

/* Begin PBXFrameworksBuildPhase section */
		62DD87691FB766C600A9B9EE /* Frameworks */ = {
			isa = PBXFrameworksBuildPhase;
			buildActionMask = 2147483647;
			files = (
			);
			runOnlyForDeploymentPostprocessing = 0;
		};
/* End PBXFrameworksBuildPhase section */

/* Begin PBXGroup section */
		621B1DAA20D6945A00F4F3BD /* External */ = {
			isa = PBXGroup;
			children = (
				621B1DAF20D6998200F4F3BD /* Data+Gzip.swift */,
			);
			path = External;
			sourceTree = "<group>";
		};
		624D87492043323A00AFDA06 /* Sources */ = {
			isa = PBXGroup;
			children = (
				62DD87A31FB76F5D00A9B9EE /* Trakt.swift */,
				626D4728204C6DE900B1A64D /* IMdb.swift */,
				62DD879F1FB76F5D00A9B9EE /* TheTVdb.swift */,
				62DD87B91FB8C15500A9B9EE /* BetaSeries.swift */,
				62D0EBBC204C374B009774B6 /* TheMoviedb.swift */,
			);
			path = Sources;
			sourceTree = "<group>";
		};
		624D874A2043325600AFDA06 /* Graphes */ = {
			isa = PBXGroup;
			children = (
				62DD87B11FB8A2E000A9B9EE /* Graph.swift */,
				627A0E2720139E8300FE1777 /* GraphSaison.swift */,
				627A0E2920139E9900FE1777 /* GraphEpisode.swift */,
				6224A5E62043141800450812 /* GraphMiniSerie.swift */,
				62CD57C22038B87D00DE28A1 /* GraphMiniSaison.swift */,
			);
			path = Graphes;
			sourceTree = "<group>";
		};
		624D874B2043327B00AFDA06 /* Structures */ = {
			isa = PBXGroup;
			children = (
				6224A5E42042207800450812 /* Constantes.swift */,
				6279645E2099D32400ED5578 /* Database.swift */,
				6255DBD92083780900CA9BA3 /* Helpers.swift */,
				62DD87AD1FB89E7D00A9B9EE /* Serie.swift */,
				62DD87AB1FB89E7D00A9B9EE /* Saison.swift */,
				62DD87AC1FB89E7D00A9B9EE /* Episode.swift */,
			);
			path = Structures;
			sourceTree = "<group>";
		};
		624D874C2043329200AFDA06 /* Controllers */ = {
			isa = PBXGroup;
			children = (
				624D874A2043325600AFDA06 /* Graphes */,
				624D27481FFBD4E100B49702 /* ViewAccueil.swift */,
				62D0EBBA204C30BE009774B6 /* ViewSaisonListe.swift */,
				6224A5E22041F30200450812 /* ViewSerieListe.swift */,
				625799B6219734480010144D /* ViewPropals.swift */,
				62B4716B20A88D3E0067BD34 /* ViewSearch.swift */,
				62DD87A91FB7838400A9B9EE /* SerieFiche.swift */,
				62AC509F200E58A200A8C841 /* SaisonFiche.swift */,
				62F8ECF32013775800A41EF7 /* EpisodeFiche.swift */,
				621B1D9C20D665B800F4F3BD /* Configuration.swift */,
			);
			path = Controllers;
			sourceTree = "<group>";
		};
		624D874D204332BC00AFDA06 /* Images */ = {
			isa = PBXGroup;
			children = (
				62796464209A15A800ED5578 /* Logo.png */,
				62B087B0207BEA8B007703FF /* Drapeaux */,
				62FF97C12038FA0A007B658E /* Icones accueil */,
				625480531FE6D7140099A3D2 /* Icones sources */,
			);
			path = Images;
			sourceTree = "<group>";
		};
		625480531FE6D7140099A3D2 /* Icones sources */ = {
			isa = PBXGroup;
			children = (
				62FF97BF2038C9A3007B658E /* themoviedb.ico */,
				62DD87B51FB8BE4F00A9B9EE /* betaseries.png */,
				62DD87B31FB8BE4F00A9B9EE /* thetvdb.png */,
				62A581E51FBC5BCB002D8FD3 /* imdb.ico */,
				62A581E61FBC5BCB002D8FD3 /* rottentomatoes.ico */,
				62DD87B41FB8BE4F00A9B9EE /* trakt.ico */,
			);
			path = "Icones sources";
			sourceTree = "<group>";
		};
		626D472A204C6EB700B1A64D /* Data */ = {
			isa = PBXGroup;
			children = (
				626D4726204C624500B1A64D /* Notes.swift */,
				624EC9A620B2DF20005ED207 /* data.tsv */,
			);
			path = Data;
			sourceTree = "<group>";
		};
		62B087B0207BEA8B007703FF /* Drapeaux */ = {
			isa = PBXGroup;
			children = (
				62B087C7207BEE39007703FF /* Flag_of_Norway.png */,
				62B087C9207BEE3A007703FF /* Flag_of_Sweden.png */,
				62B087C8207BEE39007703FF /* Flag_of_the_Czech_Republic.png */,
				62B087C5207BED6F007703FF /* Flag_of_Canada.png */,
				62B4D8B7208CB7BF002110E8 /* Flag_of_Brazil.png */,
				62B087BF207BEBC5007703FF /* Flag_of_France.png */,
				627964592095D5BB00ED5578 /* Flag_of_Australia.png */,
				627964582095D5BB00ED5578 /* Flag_of_Japan.png */,
				62B087BD207BEBC5007703FF /* Flag_of_Germany.png */,
				62B087BE207BEBC5007703FF /* Flag_of_Spain.png */,
				62B087BB207BEBC5007703FF /* Flag_of_the_United_Kingdom.png */,
				62B087BC207BEBC5007703FF /* Flag_of_the_United_States.png */,
			);
			path = Drapeaux;
			sourceTree = "<group>";
		};
		62DD87631FB766C600A9B9EE = {
			isa = PBXGroup;
			children = (
				62DD876E1FB766C600A9B9EE /* iPhone Seriez */,
				62DD876D1FB766C600A9B9EE /* Products */,
			);
			sourceTree = "<group>";
		};
		62DD876D1FB766C600A9B9EE /* Products */ = {
			isa = PBXGroup;
			children = (
				62DD876C1FB766C600A9B9EE /* SerieA.app */,
			);
			name = Products;
			sourceTree = "<group>";
		};
		62DD876E1FB766C600A9B9EE /* iPhone Seriez */ = {
			isa = PBXGroup;
			children = (
				62DD876F1FB766C600A9B9EE /* AppDelegate.swift */,
				621B1DAA20D6945A00F4F3BD /* External */,
				626D472A204C6EB700B1A64D /* Data */,
				624D874D204332BC00AFDA06 /* Images */,
				624D87492043323A00AFDA06 /* Sources */,
				624D874B2043327B00AFDA06 /* Structures */,
				624D874C2043329200AFDA06 /* Controllers */,
				62DD87731FB766C600A9B9EE /* Main.storyboard */,
				62DD87761FB766C600A9B9EE /* Assets.xcassets */,
				62DD87781FB766C600A9B9EE /* LaunchScreen.storyboard */,
				62DD877B1FB766C600A9B9EE /* Info.plist */,
			);
			path = "iPhone Seriez";
			sourceTree = "<group>";
		};
		62FF97C12038FA0A007B658E /* Icones accueil */ = {
			isa = PBXGroup;
			children = (
				62FF97DA2039AAFC007B658E /* Trash-icon.png */,
				62FF97D62039076D007B658E /* Air-icon.png */,
				624EC9A420B1A87E005ED207 /* Chart-icon.png */,
				62FF97D42039076C007B658E /* Calendar-icon.png */,
				62FF97D52039076C007B658E /* TV-icon.png */,
				62FF97D220390305007B658E /* List-icon.png */,
				62FF97CD2039016B007B658E /* Bio-Hazard-icon.png */,
				62B087AD207A7937007703FF /* Idea-icon.png */,
				62B087AC207A7937007703FF /* Magnifi-icon.png */,
				62FF97CC2039016B007B658E /* Eye-icon.png */,
				62FF97CB2039016B007B658E /* Play-icon.png */,
				62FF97CA2039016A007B658E /* Stop-icon.png */,
			);
			path = "Icones accueil";
			sourceTree = "<group>";
		};
/* End PBXGroup section */

/* Begin PBXNativeTarget section */
		62DD876B1FB766C600A9B9EE /* SerieA */ = {
			isa = PBXNativeTarget;
			buildConfigurationList = 62DD87941FB766C700A9B9EE /* Build configuration list for PBXNativeTarget "SerieA" */;
			buildPhases = (
				62DD87681FB766C600A9B9EE /* Sources */,
				62DD87691FB766C600A9B9EE /* Frameworks */,
				62DD876A1FB766C600A9B9EE /* Resources */,
				621B1DA520D6917F00F4F3BD /* Embed Frameworks */,
			);
			buildRules = (
			);
			dependencies = (
			);
			name = SerieA;
			productName = "iPhone Seriez";
			productReference = 62DD876C1FB766C600A9B9EE /* SerieA.app */;
			productType = "com.apple.product-type.application";
		};
/* End PBXNativeTarget section */

/* Begin PBXProject section */
		62DD87641FB766C600A9B9EE /* Project object */ = {
			isa = PBXProject;
			attributes = {
				LastSwiftUpdateCheck = 0910;
				LastUpgradeCheck = 0930;
				ORGANIZATIONNAME = Home;
				TargetAttributes = {
					62DD876B1FB766C600A9B9EE = {
						CreatedOnToolsVersion = 9.1;
						LastSwiftMigration = 1010;
						ProvisioningStyle = Automatic;
					};
				};
			};
			buildConfigurationList = 62DD87671FB766C600A9B9EE /* Build configuration list for PBXProject "SerieA" */;
			compatibilityVersion = "Xcode 8.0";
			developmentRegion = en;
			hasScannedForEncodings = 0;
			knownRegions = (
				en,
				Base,
			);
			mainGroup = 62DD87631FB766C600A9B9EE;
			productRefGroup = 62DD876D1FB766C600A9B9EE /* Products */;
			projectDirPath = "";
			projectRoot = "";
			targets = (
				62DD876B1FB766C600A9B9EE /* SerieA */,
			);
		};
/* End PBXProject section */

/* Begin PBXResourcesBuildPhase section */
		62DD876A1FB766C600A9B9EE /* Resources */ = {
			isa = PBXResourcesBuildPhase;
			buildActionMask = 2147483647;
			files = (
				62B087CB207BEE3A007703FF /* Flag_of_the_Czech_Republic.png in Resources */,
				62DD87B81FB8BE4F00A9B9EE /* betaseries.png in Resources */,
				62DD877A1FB766C600A9B9EE /* LaunchScreen.storyboard in Resources */,
				62DD87771FB766C600A9B9EE /* Assets.xcassets in Resources */,
				62B087C2207BEBC6007703FF /* Flag_of_Germany.png in Resources */,
				62FF97CE2039016B007B658E /* Stop-icon.png in Resources */,
				62B087CA207BEE3A007703FF /* Flag_of_Norway.png in Resources */,
				62B087C6207BED6F007703FF /* Flag_of_Canada.png in Resources */,
				62A581E81FBC5BCB002D8FD3 /* rottentomatoes.ico in Resources */,
				62DD87751FB766C600A9B9EE /* Main.storyboard in Resources */,
				62796465209A15A800ED5578 /* Logo.png in Resources */,
				624EC9A520B1A87E005ED207 /* Chart-icon.png in Resources */,
				62FF97D12039016B007B658E /* Bio-Hazard-icon.png in Resources */,
				6279645B2095D5BB00ED5578 /* Flag_of_Australia.png in Resources */,
				62B087AE207A7938007703FF /* Magnifi-icon.png in Resources */,
				62B087C1207BEBC6007703FF /* Flag_of_the_United_States.png in Resources */,
				62FF97D320390305007B658E /* List-icon.png in Resources */,
				62DD87B71FB8BE4F00A9B9EE /* trakt.ico in Resources */,
				62FF97DB2039AAFC007B658E /* Trash-icon.png in Resources */,
				62B4D8B8208CB7C0002110E8 /* Flag_of_Brazil.png in Resources */,
				62DD87B61FB8BE4F00A9B9EE /* thetvdb.png in Resources */,
				62B087C4207BEBC6007703FF /* Flag_of_France.png in Resources */,
				62FF97D82039076D007B658E /* TV-icon.png in Resources */,
				624EC9A720B2DF20005ED207 /* data.tsv in Resources */,
				62B087C3207BEBC6007703FF /* Flag_of_Spain.png in Resources */,
				62FF97D02039016B007B658E /* Eye-icon.png in Resources */,
				62B087CC207BEE3A007703FF /* Flag_of_Sweden.png in Resources */,
				62B087AF207A7938007703FF /* Idea-icon.png in Resources */,
				6279645A2095D5BB00ED5578 /* Flag_of_Japan.png in Resources */,
				62FF97C02038C9A3007B658E /* themoviedb.ico in Resources */,
				62FF97CF2039016B007B658E /* Play-icon.png in Resources */,
				62FF97D72039076D007B658E /* Calendar-icon.png in Resources */,
				62A581E71FBC5BCB002D8FD3 /* imdb.ico in Resources */,
				62FF97D92039076D007B658E /* Air-icon.png in Resources */,
				62B087C0207BEBC6007703FF /* Flag_of_the_United_Kingdom.png in Resources */,
			);
			runOnlyForDeploymentPostprocessing = 0;
		};
/* End PBXResourcesBuildPhase section */

/* Begin PBXSourcesBuildPhase section */
		62DD87681FB766C600A9B9EE /* Sources */ = {
			isa = PBXSourcesBuildPhase;
			buildActionMask = 2147483647;
			files = (
				62DD87AA1FB7838400A9B9EE /* SerieFiche.swift in Sources */,
				621B1D9D20D665B800F4F3BD /* Configuration.swift in Sources */,
				62DD87AF1FB89E7D00A9B9EE /* Episode.swift in Sources */,
				62D0EBBD204C374B009774B6 /* TheMoviedb.swift in Sources */,
				62DD87AE1FB89E7D00A9B9EE /* Saison.swift in Sources */,
				6224A5E52042207800450812 /* Constantes.swift in Sources */,
				626D4729204C6DE900B1A64D /* IMdb.swift in Sources */,
				62F8ECF42013775800A41EF7 /* EpisodeFiche.swift in Sources */,
				6224A5E72043141800450812 /* GraphMiniSerie.swift in Sources */,
				62CD57C32038B87D00DE28A1 /* GraphMiniSaison.swift in Sources */,
				626D4727204C624500B1A64D /* Notes.swift in Sources */,
				62DD87BA1FB8C15600A9B9EE /* BetaSeries.swift in Sources */,
				62DD87B21FB8A2E000A9B9EE /* Graph.swift in Sources */,
				621B1DB020D6998200F4F3BD /* Data+Gzip.swift in Sources */,
				627A0E2820139E8300FE1777 /* GraphSaison.swift in Sources */,
				627A0E2A20139E9900FE1777 /* GraphEpisode.swift in Sources */,
				62DD87A41FB76F5D00A9B9EE /* TheTVdb.swift in Sources */,
				6224A5E32041F30200450812 /* ViewSerieListe.swift in Sources */,
				625799B7219734480010144D /* ViewPropals.swift in Sources */,
				62DD87A81FB76F5D00A9B9EE /* Trakt.swift in Sources */,
				62B4716C20A88D3E0067BD34 /* ViewSearch.swift in Sources */,
				624D27491FFBD4E100B49702 /* ViewAccueil.swift in Sources */,
				6255DBDA2083780900CA9BA3 /* Helpers.swift in Sources */,
				62DD87B01FB89E7D00A9B9EE /* Serie.swift in Sources */,
				62D0EBBB204C30BE009774B6 /* ViewSaisonListe.swift in Sources */,
				6279645F2099D32400ED5578 /* Database.swift in Sources */,
				62AC50A0200E58A200A8C841 /* SaisonFiche.swift in Sources */,
				62DD87701FB766C600A9B9EE /* AppDelegate.swift in Sources */,
			);
			runOnlyForDeploymentPostprocessing = 0;
		};
/* End PBXSourcesBuildPhase section */

/* Begin PBXVariantGroup section */
		62DD87731FB766C600A9B9EE /* Main.storyboard */ = {
			isa = PBXVariantGroup;
			children = (
				62DD87741FB766C600A9B9EE /* Base */,
			);
			name = Main.storyboard;
			sourceTree = "<group>";
		};
		62DD87781FB766C600A9B9EE /* LaunchScreen.storyboard */ = {
			isa = PBXVariantGroup;
			children = (
				62DD87791FB766C600A9B9EE /* Base */,
			);
			name = LaunchScreen.storyboard;
			sourceTree = "<group>";
		};
/* End PBXVariantGroup section */

/* Begin XCBuildConfiguration section */
		62DD87921FB766C700A9B9EE /* Debug */ = {
			isa = XCBuildConfiguration;
			buildSettings = {
				ALWAYS_SEARCH_USER_PATHS = NO;
				CLANG_ANALYZER_NONNULL = YES;
				CLANG_ANALYZER_NUMBER_OBJECT_CONVERSION = YES_AGGRESSIVE;
				CLANG_CXX_LANGUAGE_STANDARD = "gnu++14";
				CLANG_CXX_LIBRARY = "libc++";
				CLANG_ENABLE_MODULES = YES;
				CLANG_ENABLE_OBJC_ARC = YES;
				CLANG_WARN_BLOCK_CAPTURE_AUTORELEASING = YES;
				CLANG_WARN_BOOL_CONVERSION = YES;
				CLANG_WARN_COMMA = YES;
				CLANG_WARN_CONSTANT_CONVERSION = YES;
				CLANG_WARN_DEPRECATED_OBJC_IMPLEMENTATIONS = YES;
				CLANG_WARN_DIRECT_OBJC_ISA_USAGE = YES_ERROR;
				CLANG_WARN_DOCUMENTATION_COMMENTS = YES;
				CLANG_WARN_EMPTY_BODY = YES;
				CLANG_WARN_ENUM_CONVERSION = YES;
				CLANG_WARN_INFINITE_RECURSION = YES;
				CLANG_WARN_INT_CONVERSION = YES;
				CLANG_WARN_NON_LITERAL_NULL_CONVERSION = YES;
				CLANG_WARN_OBJC_IMPLICIT_RETAIN_SELF = YES;
				CLANG_WARN_OBJC_LITERAL_CONVERSION = YES;
				CLANG_WARN_OBJC_ROOT_CLASS = YES_ERROR;
				CLANG_WARN_RANGE_LOOP_ANALYSIS = YES;
				CLANG_WARN_STRICT_PROTOTYPES = YES;
				CLANG_WARN_SUSPICIOUS_MOVE = YES;
				CLANG_WARN_UNGUARDED_AVAILABILITY = YES_AGGRESSIVE;
				CLANG_WARN_UNREACHABLE_CODE = YES;
				CLANG_WARN__DUPLICATE_METHOD_MATCH = YES;
				CODE_SIGN_IDENTITY = "iPhone Developer";
				COPY_PHASE_STRIP = NO;
				DEBUG_INFORMATION_FORMAT = dwarf;
				ENABLE_STRICT_OBJC_MSGSEND = YES;
				ENABLE_TESTABILITY = YES;
				GCC_C_LANGUAGE_STANDARD = gnu11;
				GCC_DYNAMIC_NO_PIC = NO;
				GCC_NO_COMMON_BLOCKS = YES;
				GCC_OPTIMIZATION_LEVEL = 0;
				GCC_PREPROCESSOR_DEFINITIONS = (
					"DEBUG=1",
					"$(inherited)",
				);
				GCC_WARN_64_TO_32_BIT_CONVERSION = YES;
				GCC_WARN_ABOUT_RETURN_TYPE = YES_ERROR;
				GCC_WARN_UNDECLARED_SELECTOR = YES;
				GCC_WARN_UNINITIALIZED_AUTOS = YES_AGGRESSIVE;
				GCC_WARN_UNUSED_FUNCTION = YES;
				GCC_WARN_UNUSED_VARIABLE = YES;
				IPHONEOS_DEPLOYMENT_TARGET = 11.3;
				MTL_ENABLE_DEBUG_INFO = YES;
				ONLY_ACTIVE_ARCH = YES;
				SDKROOT = iphoneos;
				SWIFT_ACTIVE_COMPILATION_CONDITIONS = DEBUG;
				SWIFT_OPTIMIZATION_LEVEL = "-Onone";
			};
			name = Debug;
		};
		62DD87931FB766C700A9B9EE /* Release */ = {
			isa = XCBuildConfiguration;
			buildSettings = {
				ALWAYS_SEARCH_USER_PATHS = NO;
				CLANG_ANALYZER_NONNULL = YES;
				CLANG_ANALYZER_NUMBER_OBJECT_CONVERSION = YES_AGGRESSIVE;
				CLANG_CXX_LANGUAGE_STANDARD = "gnu++14";
				CLANG_CXX_LIBRARY = "libc++";
				CLANG_ENABLE_MODULES = YES;
				CLANG_ENABLE_OBJC_ARC = YES;
				CLANG_WARN_BLOCK_CAPTURE_AUTORELEASING = YES;
				CLANG_WARN_BOOL_CONVERSION = YES;
				CLANG_WARN_COMMA = YES;
				CLANG_WARN_CONSTANT_CONVERSION = YES;
				CLANG_WARN_DEPRECATED_OBJC_IMPLEMENTATIONS = YES;
				CLANG_WARN_DIRECT_OBJC_ISA_USAGE = YES_ERROR;
				CLANG_WARN_DOCUMENTATION_COMMENTS = YES;
				CLANG_WARN_EMPTY_BODY = YES;
				CLANG_WARN_ENUM_CONVERSION = YES;
				CLANG_WARN_INFINITE_RECURSION = YES;
				CLANG_WARN_INT_CONVERSION = YES;
				CLANG_WARN_NON_LITERAL_NULL_CONVERSION = YES;
				CLANG_WARN_OBJC_IMPLICIT_RETAIN_SELF = YES;
				CLANG_WARN_OBJC_LITERAL_CONVERSION = YES;
				CLANG_WARN_OBJC_ROOT_CLASS = YES_ERROR;
				CLANG_WARN_RANGE_LOOP_ANALYSIS = YES;
				CLANG_WARN_STRICT_PROTOTYPES = YES;
				CLANG_WARN_SUSPICIOUS_MOVE = YES;
				CLANG_WARN_UNGUARDED_AVAILABILITY = YES_AGGRESSIVE;
				CLANG_WARN_UNREACHABLE_CODE = YES;
				CLANG_WARN__DUPLICATE_METHOD_MATCH = YES;
				CODE_SIGN_IDENTITY = "iPhone Developer";
				COPY_PHASE_STRIP = NO;
				DEBUG_INFORMATION_FORMAT = "dwarf-with-dsym";
				ENABLE_NS_ASSERTIONS = NO;
				ENABLE_STRICT_OBJC_MSGSEND = YES;
				GCC_C_LANGUAGE_STANDARD = gnu11;
				GCC_NO_COMMON_BLOCKS = YES;
				GCC_WARN_64_TO_32_BIT_CONVERSION = YES;
				GCC_WARN_ABOUT_RETURN_TYPE = YES_ERROR;
				GCC_WARN_UNDECLARED_SELECTOR = YES;
				GCC_WARN_UNINITIALIZED_AUTOS = YES_AGGRESSIVE;
				GCC_WARN_UNUSED_FUNCTION = YES;
				GCC_WARN_UNUSED_VARIABLE = YES;
				IPHONEOS_DEPLOYMENT_TARGET = 11.3;
				MTL_ENABLE_DEBUG_INFO = NO;
				SDKROOT = iphoneos;
				SWIFT_OPTIMIZATION_LEVEL = "-Owholemodule";
				VALIDATE_PRODUCT = YES;
			};
			name = Release;
		};
		62DD87951FB766C700A9B9EE /* Debug */ = {
			isa = XCBuildConfiguration;
			buildSettings = {
				ASSETCATALOG_COMPILER_APPICON_NAME = AppIcon;
				"CODE_SIGN_IDENTITY[sdk=iphoneos*]" = "iPhone Developer";
				CODE_SIGN_STYLE = Automatic;
				DEVELOPMENT_TEAM = MXLKZ7P9DM;
				FRAMEWORK_SEARCH_PATHS = (
					"$(inherited)",
					"$(PROJECT_DIR)/iPhone\\ Seriez",
					"$(PROJECT_DIR)/iPhone\\ Seriez",
					"$(PROJECT_DIR)/iPhone\\ Seriez",
					"$(PROJECT_DIR)/iPhone\\ Seriez/Controllers",
					"$(PROJECT_DIR)/iPhone\\ Seriez/Controllers",
				);
				INFOPLIST_FILE = "iPhone Seriez/Info.plist";
				LD_RUNPATH_SEARCH_PATHS = "$(inherited) @executable_path/Frameworks";
				PRODUCT_BUNDLE_IDENTIFIER = Home.SerieA;
				PRODUCT_NAME = "$(TARGET_NAME)";
				PROVISIONING_PROFILE_SPECIFIER = "";
				SWIFT_VERSION = 4.2;
				TARGETED_DEVICE_FAMILY = 1;
			};
			name = Debug;
		};
		62DD87961FB766C700A9B9EE /* Release */ = {
			isa = XCBuildConfiguration;
			buildSettings = {
				ASSETCATALOG_COMPILER_APPICON_NAME = AppIcon;
				"CODE_SIGN_IDENTITY[sdk=iphoneos*]" = "iPhone Developer";
				CODE_SIGN_STYLE = Automatic;
				DEVELOPMENT_TEAM = MXLKZ7P9DM;
				FRAMEWORK_SEARCH_PATHS = (
					"$(inherited)",
					"$(PROJECT_DIR)/iPhone\\ Seriez",
					"$(PROJECT_DIR)/iPhone\\ Seriez",
					"$(PROJECT_DIR)/iPhone\\ Seriez",
					"$(PROJECT_DIR)/iPhone\\ Seriez/Controllers",
					"$(PROJECT_DIR)/iPhone\\ Seriez/Controllers",
				);
				INFOPLIST_FILE = "iPhone Seriez/Info.plist";
				LD_RUNPATH_SEARCH_PATHS = "$(inherited) @executable_path/Frameworks";
				PRODUCT_BUNDLE_IDENTIFIER = Home.SerieA;
				PRODUCT_NAME = "$(TARGET_NAME)";
				PROVISIONING_PROFILE_SPECIFIER = "";
				SWIFT_VERSION = 4.2;
				TARGETED_DEVICE_FAMILY = 1;
			};
			name = Release;
		};
/* End XCBuildConfiguration section */

/* Begin XCConfigurationList section */
		62DD87671FB766C600A9B9EE /* Build configuration list for PBXProject "SerieA" */ = {
			isa = XCConfigurationList;
			buildConfigurations = (
				62DD87921FB766C700A9B9EE /* Debug */,
				62DD87931FB766C700A9B9EE /* Release */,
			);
			defaultConfigurationIsVisible = 0;
			defaultConfigurationName = Release;
		};
		62DD87941FB766C700A9B9EE /* Build configuration list for PBXNativeTarget "SerieA" */ = {
			isa = XCConfigurationList;
			buildConfigurations = (
				62DD87951FB766C700A9B9EE /* Debug */,
				62DD87961FB766C700A9B9EE /* Release */,
			);
			defaultConfigurationIsVisible = 0;
			defaultConfigurationName = Release;
		};
/* End XCConfigurationList section */
	};
	rootObject = 62DD87641FB766C600A9B9EE /* Project object */;
}
